
Microsoft Visual Studio Solution File, Format Version 12.00
# Visual Studio Version 16
VisualStudioVersion = 16.0.30611.23
MinimumVisualStudioVersion = 10.0.40219.1
Project("{9A19103F-16F7-4668-BE54-9A1E7A4F7556}") = "ActivityReader", "ActivityReader.csproj", "{D6EA3F3E-CA79-4E5D-9802-8C223FDB8FA7}"
EndProject
Global
	GlobalSection(SolutionConfigurationPlatforms) = preSolution
		Debug|Any CPU = Debug|Any CPU
		Release|Any CPU = Release|Any CPU
	EndGlobalSection
	GlobalSection(ProjectConfigurationPlatforms) = postSolution
		{D6EA3F3E-CA79-4E5D-9802-8C223FDB8FA7}.Debug|Any CPU.ActiveCfg = Debug|Any CPU
		{D6EA3F3E-CA79-4E5D-9802-8C223FDB8FA7}.Debug|Any CPU.Build.0 = Debug|Any CPU
		{D6EA3F3E-CA79-4E5D-9802-8C223FDB8FA7}.Release|Any CPU.ActiveCfg = Release|Any CPU
		{D6EA3F3E-CA79-4E5D-9802-8C223FDB8FA7}.Release|Any CPU.Build.0 = Release|Any CPU
	EndGlobalSection
	GlobalSection(SolutionProperties) = preSolution
		HideSolutionNode = FALSE
	EndGlobalSection
	GlobalSection(ExtensibilityGlobals) = postSolution
		SolutionGuid = {9F45B060-0111-439E-A83F-05898D331C8A}
	EndGlobalSection
EndGlobal
